// !$*UTF8*$!
{
	archiveVersion = 1;
	classes = {
	};
	objectVersion = 46;
	objects = {

/* Begin PBXBuildFile section */
		374A791415C97124002F3D60 /* UIKit.framework in Frameworks */ = {isa = PBXBuildFile; fileRef = 374A791315C97124002F3D60 /* UIKit.framework */; };
		374A791615C97124002F3D60 /* Foundation.framework in Frameworks */ = {isa = PBXBuildFile; fileRef = 374A791515C97124002F3D60 /* Foundation.framework */; };
		374A791815C97124002F3D60 /* CoreGraphics.framework in Frameworks */ = {isa = PBXBuildFile; fileRef = 374A791715C97124002F3D60 /* CoreGraphics.framework */; };
		374A791E15C97124002F3D60 /* InfoPlist.strings in Resources */ = {isa = PBXBuildFile; fileRef = 374A791C15C97124002F3D60 /* InfoPlist.strings */; };
		374A792015C97124002F3D60 /* main.m in Sources */ = {isa = PBXBuildFile; fileRef = 374A791F15C97124002F3D60 /* main.m */; };
		374A792415C97124002F3D60 /* AppDelegate.m in Sources */ = {isa = PBXBuildFile; fileRef = 374A792315C97124002F3D60 /* AppDelegate.m */; };
		374A792C15C97124002F3D60 /* SenTestingKit.framework in Frameworks */ = {isa = PBXBuildFile; fileRef = 374A792B15C97124002F3D60 /* SenTestingKit.framework */; };
		374A792D15C97124002F3D60 /* UIKit.framework in Frameworks */ = {isa = PBXBuildFile; fileRef = 374A791315C97124002F3D60 /* UIKit.framework */; };
		374A792E15C97124002F3D60 /* Foundation.framework in Frameworks */ = {isa = PBXBuildFile; fileRef = 374A791515C97124002F3D60 /* Foundation.framework */; };
		374A793615C97124002F3D60 /* InfoPlist.strings in Resources */ = {isa = PBXBuildFile; fileRef = 374A793415C97124002F3D60 /* InfoPlist.strings */; };
		374A793915C97124002F3D60 /* CoreTextCharacterCutoffTests.m in Sources */ = {isa = PBXBuildFile; fileRef = 374A793815C97124002F3D60 /* CoreTextCharacterCutoffTests.m */; };
/* End PBXBuildFile section */

/* Begin PBXContainerItemProxy section */
		374A792F15C97124002F3D60 /* PBXContainerItemProxy */ = {
			isa = PBXContainerItemProxy;
			containerPortal = 374A790615C97124002F3D60 /* Project object */;
			proxyType = 1;
			remoteGlobalIDString = 374A790E15C97124002F3D60;
			remoteInfo = CoreTextCharacterCutoff;
		};
/* End PBXContainerItemProxy section */

/* Begin PBXFileReference section */
		374A790F15C97124002F3D60 /* CoreTextCharacterCutoff.app */ = {isa = PBXFileReference; explicitFileType = wrapper.application; includeInIndex = 0; path = CoreTextCharacterCutoff.app; sourceTree = BUILT_PRODUCTS_DIR; };
		374A791315C97124002F3D60 /* UIKit.framework */ = {isa = PBXFileReference; lastKnownFileType = wrapper.framework; name = UIKit.framework; path = System/Library/Frameworks/UIKit.framework; sourceTree = SDKROOT; };
		374A791515C97124002F3D60 /* Foundation.framework */ = {isa = PBXFileReference; lastKnownFileType = wrapper.framework; name = Foundation.framework; path = System/Library/Frameworks/Foundation.framework; sourceTree = SDKROOT; };
		374A791715C97124002F3D60 /* CoreGraphics.framework */ = {isa = PBXFileReference; lastKnownFileType = wrapper.framework; name = CoreGraphics.framework; path = System/Library/Frameworks/CoreGraphics.framework; sourceTree = SDKROOT; };
		374A791B15C97124002F3D60 /* CoreTextCharacterCutoff-Info.plist */ = {isa = PBXFileReference; path = "CoreTextCharacterCutoff-Info.plist"; sourceTree = "<group>"; };
		374A791D15C97124002F3D60 /* en */ = {isa = PBXFileReference; lastKnownFileType = text.plist.strings; name = en; path = en.lproj/InfoPlist.strings; sourceTree = "<group>"; };
		374A791F15C97124002F3D60 /* main.m */ = {isa = PBXFileReference; lastKnownFileType = sourcecode.c.objc; path = main.m; sourceTree = "<group>"; };
		374A792115C97124002F3D60 /* CoreTextCharacterCutoff-Prefix.pch */ = {isa = PBXFileReference; path = "CoreTextCharacterCutoff-Prefix.pch"; sourceTree = "<group>"; };
		374A792215C97124002F3D60 /* AppDelegate.h */ = {isa = PBXFileReference; path = AppDelegate.h; sourceTree = "<group>"; };
		374A792315C97124002F3D60 /* AppDelegate.m */ = {isa = PBXFileReference; lastKnownFileType = sourcecode.c.objc; path = AppDelegate.m; sourceTree = "<group>"; };
		374A792A15C97124002F3D60 /* CoreTextCharacterCutoffTests.octest */ = {isa = PBXFileReference; explicitFileType = wrapper.cfbundle; includeInIndex = 0; path = CoreTextCharacterCutoffTests.octest; sourceTree = BUILT_PRODUCTS_DIR; };
		374A792B15C97124002F3D60 /* SenTestingKit.framework */ = {isa = PBXFileReference; lastKnownFileType = wrapper.framework; name = SenTestingKit.framework; path = Library/Frameworks/SenTestingKit.framework; sourceTree = DEVELOPER_DIR; };
		374A793315C97124002F3D60 /* CoreTextCharacterCutoffTests-Info.plist */ = {isa = PBXFileReference; path = "CoreTextCharacterCutoffTests-Info.plist"; sourceTree = "<group>"; };
		374A793515C97124002F3D60 /* en */ = {isa = PBXFileReference; lastKnownFileType = text.plist.strings; name = en; path = en.lproj/InfoPlist.strings; sourceTree = "<group>"; };
		374A793715C97124002F3D60 /* CoreTextCharacterCutoffTests.h */ = {isa = PBXFileReference; path = CoreTextCharacterCutoffTests.h; sourceTree = "<group>"; };
		374A793815C97124002F3D60 /* CoreTextCharacterCutoffTests.m */ = {isa = PBXFileReference; lastKnownFileType = sourcecode.c.objc; path = CoreTextCharacterCutoffTests.m; sourceTree = "<group>"; };
/* End PBXFileReference section */

/* Begin PBXFrameworksBuildPhase section */
		374A790C15C97124002F3D60 /* Frameworks */ = {
			isa = PBXFrameworksBuildPhase;
			buildActionMask = 2147483647;
			files = (
				374A791415C97124002F3D60 /* UIKit.framework in Frameworks */,
				374A791615C97124002F3D60 /* Foundation.framework in Frameworks */,
				374A791815C97124002F3D60 /* CoreGraphics.framework in Frameworks */,
			);
			runOnlyForDeploymentPostprocessing = 0;
		};
		374A792615C97124002F3D60 /* Frameworks */ = {
			isa = PBXFrameworksBuildPhase;
			buildActionMask = 2147483647;
			files = (
				374A792C15C97124002F3D60 /* SenTestingKit.framework in Frameworks */,
				374A792D15C97124002F3D60 /* UIKit.framework in Frameworks */,
				374A792E15C97124002F3D60 /* Foundation.framework in Frameworks */,
			);
			runOnlyForDeploymentPostprocessing = 0;
		};
/* End PBXFrameworksBuildPhase section */

/* Begin PBXGroup section */
		374A790415C97124002F3D60 = {
			isa = PBXGroup;
			children = (
				374A791915C97124002F3D60 /* CoreTextCharacterCutoff */,
				374A793115C97124002F3D60 /* CoreTextCharacterCutoffTests */,
				374A791215C97124002F3D60 /* Frameworks */,
				374A791015C97124002F3D60 /* Products */,
			);
			sourceTree = "<group>";
		};
		374A791015C97124002F3D60 /* Products */ = {
			isa = PBXGroup;
			children = (
				374A790F15C97124002F3D60 /* CoreTextCharacterCutoff.app */,
				374A792A15C97124002F3D60 /* CoreTextCharacterCutoffTests.octest */,
			);
			name = Products;
			sourceTree = "<group>";
		};
		374A791215C97124002F3D60 /* Frameworks */ = {
			isa = PBXGroup;
			children = (
				374A791315C97124002F3D60 /* UIKit.framework */,
				374A791515C97124002F3D60 /* Foundation.framework */,
				374A791715C97124002F3D60 /* CoreGraphics.framework */,
				374A792B15C97124002F3D60 /* SenTestingKit.framework */,
			);
			name = Frameworks;
			sourceTree = "<group>";
		};
		374A791915C97124002F3D60 /* CoreTextCharacterCutoff */ = {
			isa = PBXGroup;
			children = (
				374A792215C97124002F3D60 /* AppDelegate.h */,
				374A792315C97124002F3D60 /* AppDelegate.m */,
				374A791A15C97124002F3D60 /* Supporting Files */,
			);
			path = CoreTextCharacterCutoff;
			sourceTree = "<group>";
		};
		374A791A15C97124002F3D60 /* Supporting Files */ = {
			isa = PBXGroup;
			children = (
				374A791B15C97124002F3D60 /* CoreTextCharacterCutoff-Info.plist */,
				374A791C15C97124002F3D60 /* InfoPlist.strings */,
				374A791F15C97124002F3D60 /* main.m */,
				374A792115C97124002F3D60 /* CoreTextCharacterCutoff-Prefix.pch */,
			);
			name = "Supporting Files";
			sourceTree = "<group>";
		};
		374A793115C97124002F3D60 /* CoreTextCharacterCutoffTests */ = {
			isa = PBXGroup;
			children = (
				374A793715C97124002F3D60 /* CoreTextCharacterCutoffTests.h */,
				374A793815C97124002F3D60 /* CoreTextCharacterCutoffTests.m */,
				374A793215C97124002F3D60 /* Supporting Files */,
			);
			path = CoreTextCharacterCutoffTests;
			sourceTree = "<group>";
		};
		374A793215C97124002F3D60 /* Supporting Files */ = {
			isa = PBXGroup;
			children = (
				374A793315C97124002F3D60 /* CoreTextCharacterCutoffTests-Info.plist */,
				374A793415C97124002F3D60 /* InfoPlist.strings */,
			);
			name = "Supporting Files";
			sourceTree = "<group>";
		};
/* End PBXGroup section */

/* Begin PBXNativeTarget section */
		374A790E15C97124002F3D60 /* CoreTextCharacterCutoff */ = {
			isa = PBXNativeTarget;
			buildConfigurationList = 374A793C15C97124002F3D60 /* Build configuration list for PBXNativeTarget "CoreTextCharacterCutoff" */;
			buildPhases = (
				374A790B15C97124002F3D60 /* Sources */,
				374A790C15C97124002F3D60 /* Frameworks */,
				374A790D15C97124002F3D60 /* Resources */,
			);
			buildRules = (
			);
			dependencies = (
			);
			name = CoreTextCharacterCutoff;
			productName = CoreTextCharacterCutoff;
			productReference = 374A790F15C97124002F3D60 /* CoreTextCharacterCutoff.app */;
			productType = "com.apple.product-type.application";
		};
		374A792915C97124002F3D60 /* CoreTextCharacterCutoffTests */ = {
			isa = PBXNativeTarget;
			buildConfigurationList = 374A793F15C97124002F3D60 /* Build configuration list for PBXNativeTarget "CoreTextCharacterCutoffTests" */;
			buildPhases = (
				374A792515C97124002F3D60 /* Sources */,
				374A792615C97124002F3D60 /* Frameworks */,
				374A792715C97124002F3D60 /* Resources */,
				374A792815C97124002F3D60 /* ShellScript */,
			);
			buildRules = (
			);
			dependencies = (
				374A793015C97124002F3D60 /* PBXTargetDependency */,
			);
			name = CoreTextCharacterCutoffTests;
			productName = CoreTextCharacterCutoffTests;
			productReference = 374A792A15C97124002F3D60 /* CoreTextCharacterCutoffTests.octest */;
			productType = "com.apple.product-type.bundle";
		};
/* End PBXNativeTarget section */

/* Begin PBXProject section */
		374A790615C97124002F3D60 /* Project object */ = {
			isa = PBXProject;
			attributes = {
				LastUpgradeCheck = 0430;
			};
			buildConfigurationList = 374A790915C97124002F3D60 /* Build configuration list for PBXProject "CoreTextCharacterCutoff" */;
			compatibilityVersion = "Xcode 3.2";
			developmentRegion = English;
			hasScannedForEncodings = 0;
			knownRegions = (
				en,
			);
			mainGroup = 374A790415C97124002F3D60;
			productRefGroup = 374A791015C97124002F3D60 /* Products */;
			projectDirPath = "";
			projectRoot = "";
			targets = (
				374A790E15C97124002F3D60 /* CoreTextCharacterCutoff */,
				374A792915C97124002F3D60 /* CoreTextCharacterCutoffTests */,
			);
		};
/* End PBXProject section */

/* Begin PBXResourcesBuildPhase section */
		374A790D15C97124002F3D60 /* Resources */ = {
			isa = PBXResourcesBuildPhase;
			buildActionMask = 2147483647;
			files = (
				374A791E15C97124002F3D60 /* InfoPlist.strings in Resources */,
			);
			runOnlyForDeploymentPostprocessing = 0;
		};
		374A792715C97124002F3D60 /* Resources */ = {
			isa = PBXResourcesBuildPhase;
			buildActionMask = 2147483647;
			files = (
				374A793615C97124002F3D60 /* InfoPlist.strings in Resources */,
			);
			runOnlyForDeploymentPostprocessing = 0;
		};
/* End PBXResourcesBuildPhase section */

/* Begin PBXShellScriptBuildPhase section */
		374A792815C97124002F3D60 /* ShellScript */ = {
			isa = PBXShellScriptBuildPhase;
			buildActionMask = 2147483647;
			files = (
			);
			inputPaths = (
			);
			outputPaths = (
			);
			runOnlyForDeploymentPostprocessing = 0;
			shellPath = /bin/sh;
			shellScript = "# Run the unit tests in this test bundle.\n\"${SYSTEM_DEVELOPER_DIR}/Tools/RunUnitTests\"\n";
		};
/* End PBXShellScriptBuildPhase section */

/* Begin PBXSourcesBuildPhase section */
		374A790B15C97124002F3D60 /* Sources */ = {
			isa = PBXSourcesBuildPhase;
			buildActionMask = 2147483647;
			files = (
				374A792015C97124002F3D60 /* main.m in Sources */,
				374A792415C97124002F3D60 /* AppDelegate.m in Sources */,
			);
			runOnlyForDeploymentPostprocessing = 0;
		};
		374A792515C97124002F3D60 /* Sources */ = {
			isa = PBXSourcesBuildPhase;
			buildActionMask = 2147483647;
			files = (
				374A793915C97124002F3D60 /* CoreTextCharacterCutoffTests.m in Sources */,
			);
			runOnlyForDeploymentPostprocessing = 0;
		};
/* End PBXSourcesBuildPhase section */

/* Begin PBXTargetDependency section */
		374A793015C97124002F3D60 /* PBXTargetDependency */ = {
			isa = PBXTargetDependency;
			target = 374A790E15C97124002F3D60 /* CoreTextCharacterCutoff */;
			targetProxy = 374A792F15C97124002F3D60 /* PBXContainerItemProxy */;
		};
/* End PBXTargetDependency section */

/* Begin PBXVariantGroup section */
		374A791C15C97124002F3D60 /* InfoPlist.strings */ = {
			isa = PBXVariantGroup;
			children = (
				374A791D15C97124002F3D60 /* en */,
			);
			name = InfoPlist.strings;
			sourceTree = "<group>";
		};
		374A793415C97124002F3D60 /* InfoPlist.strings */ = {
			isa = PBXVariantGroup;
			children = (
				374A793515C97124002F3D60 /* en */,
			);
			name = InfoPlist.strings;
			sourceTree = "<group>";
		};
/* End PBXVariantGroup section */

/* Begin XCBuildConfiguration section */
		374A793A15C97124002F3D60 /* Debug */ = {
			isa = XCBuildConfiguration;
			buildSettings = {
				ALWAYS_SEARCH_USER_PATHS = NO;
				ARCHS = "$(ARCHS_STANDARD_32_BIT)";
				CLANG_ENABLE_OBJC_ARC = YES;
				"CODE_SIGN_IDENTITY[sdk=iphoneos*]" = "iPhone Developer";
				COPY_PHASE_STRIP = NO;
				GCC_C_LANGUAGE_STANDARD = gnu99;
				GCC_DYNAMIC_NO_PIC = NO;
				GCC_OPTIMIZATION_LEVEL = 0;
				GCC_PREPROCESSOR_DEFINITIONS = (
					"DEBUG=1",
					"$(inherited)",
				);
				GCC_SYMBOLS_PRIVATE_EXTERN = NO;
				GCC_VERSION = com.apple.compilers.llvm.clang.1_0;
				GCC_WARN_ABOUT_RETURN_TYPE = YES;
				GCC_WARN_UNINITIALIZED_AUTOS = YES;
				GCC_WARN_UNUSED_VARIABLE = YES;
				IPHONEOS_DEPLOYMENT_TARGET = 5.1;
				SDKROOT = iphoneos;
				TARGETED_DEVICE_FAMILY = 2;
			};
			name = Debug;
		};
		374A793B15C97124002F3D60 /* Release */ = {
			isa = XCBuildConfiguration;
			buildSettings = {
				ALWAYS_SEARCH_USER_PATHS = NO;
				ARCHS = "$(ARCHS_STANDARD_32_BIT)";
				CLANG_ENABLE_OBJC_ARC = YES;
				"CODE_SIGN_IDENTITY[sdk=iphoneos*]" = "iPhone Developer";
				COPY_PHASE_STRIP = YES;
				GCC_C_LANGUAGE_STANDARD = gnu99;
				GCC_VERSION = com.apple.compilers.llvm.clang.1_0;
				GCC_WARN_ABOUT_RETURN_TYPE = YES;
				GCC_WARN_UNINITIALIZED_AUTOS = YES;
				GCC_WARN_UNUSED_VARIABLE = YES;
				IPHONEOS_DEPLOYMENT_TARGET = 5.1;
				OTHER_CFLAGS = "-DNS_BLOCK_ASSERTIONS=1";
				SDKROOT = iphoneos;
				TARGETED_DEVICE_FAMILY = 2;
				VALIDATE_PRODUCT = YES;
			};
			name = Release;
		};
		374A793D15C97124002F3D60 /* Debug */ = {
			isa = XCBuildConfiguration;
			buildSettings = {
				GCC_PRECOMPILE_PREFIX_HEADER = YES;
				GCC_PREFIX_HEADER = "CoreTextCharacterCutoff/CoreTextCharacterCutoff-Prefix.pch";
				INFOPLIST_FILE = "CoreTextCharacterCutoff/CoreTextCharacterCutoff-Info.plist";
				PRODUCT_NAME = "$(TARGET_NAME)";
				WRAPPER_EXTENSION = app;
			};
			name = Debug;
		};
		374A793E15C97124002F3D60 /* Release */ = {
			isa = XCBuildConfiguration;
			buildSettings = {
				GCC_PRECOMPILE_PREFIX_HEADER = YES;
				GCC_PREFIX_HEADER = "CoreTextCharacterCutoff/CoreTextCharacterCutoff-Prefix.pch";
				INFOPLIST_FILE = "CoreTextCharacterCutoff/CoreTextCharacterCutoff-Info.plist";
				PRODUCT_NAME = "$(TARGET_NAME)";
				WRAPPER_EXTENSION = app;
			};
			name = Release;
		};
		374A794015C97124002F3D60 /* Debug */ = {
			isa = XCBuildConfiguration;
			buildSettings = {
				BUNDLE_LOADER = "$(BUILT_PRODUCTS_DIR)/CoreTextCharacterCutoff.app/CoreTextCharacterCutoff";
				FRAMEWORK_SEARCH_PATHS = (
					"$(SDKROOT)/Developer/Library/Frameworks",
					"$(DEVELOPER_LIBRARY_DIR)/Frameworks",
				);
				GCC_PRECOMPILE_PREFIX_HEADER = YES;
				GCC_PREFIX_HEADER = "CoreTextCharacterCutoff/CoreTextCharacterCutoff-Prefix.pch";
				INFOPLIST_FILE = "CoreTextCharacterCutoffTests/CoreTextCharacterCutoffTests-Info.plist";
				PRODUCT_NAME = "$(TARGET_NAME)";
				TEST_HOST = "$(BUNDLE_LOADER)";
				WRAPPER_EXTENSION = octest;
			};
			name = Debug;
		};
		374A794115C97124002F3D60 /* Release */ = {
			isa = XCBuildConfiguration;
			buildSettings = {
				BUNDLE_LOADER = "$(BUILT_PRODUCTS_DIR)/CoreTextCharacterCutoff.app/CoreTextCharacterCutoff";
				FRAMEWORK_SEARCH_PATHS = (
					"$(SDKROOT)/Developer/Library/Frameworks",
					"$(DEVELOPER_LIBRARY_DIR)/Frameworks",
				);
				GCC_PRECOMPILE_PREFIX_HEADER = YES;
				GCC_PREFIX_HEADER = "CoreTextCharacterCutoff/CoreTextCharacterCutoff-Prefix.pch";
				INFOPLIST_FILE = "CoreTextCharacterCutoffTests/CoreTextCharacterCutoffTests-Info.plist";
				PRODUCT_NAME = "$(TARGET_NAME)";
				TEST_HOST = "$(BUNDLE_LOADER)";
				WRAPPER_EXTENSION = octest;
			};
			name = Release;
		};
/* End XCBuildConfiguration section */

/* Begin XCConfigurationList section */
		374A790915C97124002F3D60 /* Build configuration list for PBXProject "CoreTextCharacterCutoff" */ = {
			isa = XCConfigurationList;
			buildConfigurations = (
				374A793A15C97124002F3D60 /* Debug */,
				374A793B15C97124002F3D60 /* Release */,
			);
			defaultConfigurationIsVisible = 0;
			defaultConfigurationName = Release;
		};
		374A793C15C97124002F3D60 /* Build configuration list for PBXNativeTarget "CoreTextCharacterCutoff" */ = {
			isa = XCConfigurationList;
			buildConfigurations = (
				374A793D15C97124002F3D60 /* Debug */,
				374A793E15C97124002F3D60 /* Release */,
			);
			defaultConfigurationIsVisible = 0;
		};
		374A793F15C97124002F3D60 /* Build configuration list for PBXNativeTarget "CoreTextCharacterCutoffTests" */ = {
			isa = XCConfigurationList;
			buildConfigurations = (
				374A794015C97124002F3D60 /* Debug */,
				374A794115C97124002F3D60 /* Release */,
			);
			defaultConfigurationIsVisible = 0;
		};
/* End XCConfigurationList section */
	};
	rootObject = 374A790615C97124002F3D60 /* Project object */;
}
